
Microsoft Visual Studio Solution File, Format Version 12.00
Project("{FAE04EC0-301F-11D3-BF4B-00C04F79EFBC}") = "Prototype", "Prototype\Prototype.csproj", "{D7314425-F0C9-48CE-8123-C5EC67835AAA}"
EndProject
Global
	GlobalSection(SolutionConfigurationPlatforms) = preSolution
		Debug|Any CPU = Debug|Any CPU
		Release|Any CPU = Release|Any CPU
	EndGlobalSection
	GlobalSection(ProjectConfigurationPlatforms) = postSolution
		{D7314425-F0C9-48CE-8123-C5EC67835AAA}.Debug|Any CPU.ActiveCfg = Debug|Any CPU
		{D7314425-F0C9-48CE-8123-C5EC67835AAA}.Debug|Any CPU.Build.0 = Debug|Any CPU
		{D7314425-F0C9-48CE-8123-C5EC67835AAA}.Release|Any CPU.ActiveCfg = Release|Any CPU
		{D7314425-F0C9-48CE-8123-C5EC67835AAA}.Release|Any CPU.Build.0 = Release|Any CPU
	EndGlobalSection
EndGlobal
